
Microsoft Visual Studio Solution File, Format Version 12.00
# Visual Studio Version 16
VisualStudioVersion = 16.0.31613.86
MinimumVisualStudioVersion = 10.0.40219.1
Project("{FAE04EC0-301F-11D3-BF4B-00C04F79EFBC}") = "testing", "testing.csproj", "{EBA83B4E-43DA-4804-BBE5-8F8CA25327D0}"
EndProject
Global
	GlobalSection(SolutionConfigurationPlatforms) = preSolution
		Debug|Any CPU = Debug|Any CPU
		Release|Any CPU = Release|Any CPU
	EndGlobalSection
	GlobalSection(ProjectConfigurationPlatforms) = postSolution
		{EBA83B4E-43DA-4804-BBE5-8F8CA25327D0}.Debug|Any CPU.ActiveCfg = Debug|Any CPU
		{EBA83B4E-43DA-4804-BBE5-8F8CA25327D0}.Debug|Any CPU.Build.0 = Debug|Any CPU
		{EBA83B4E-43DA-4804-BBE5-8F8CA25327D0}.Release|Any CPU.ActiveCfg = Release|Any CPU
		{EBA83B4E-43DA-4804-BBE5-8F8CA25327D0}.Release|Any CPU.Build.0 = Release|Any CPU
	EndGlobalSection
	GlobalSection(SolutionProperties) = preSolution
		HideSolutionNode = FALSE
	EndGlobalSection
	GlobalSection(ExtensibilityGlobals) = postSolution
		SolutionGuid = {21B814EF-FE1F-41B3-87E3-DFED8D81FFEF}
	EndGlobalSection
EndGlobal
