
Microsoft Visual Studio Solution File, Format Version 12.00
# Visual Studio Version 16
VisualStudioVersion = 16.0.31624.102
MinimumVisualStudioVersion = 10.0.40219.1
Project("{FAE04EC0-301F-11D3-BF4B-00C04F79EFBC}") = "Test", "Test\Test.csproj", "{A1DB382F-85E9-4152-AE65-8A1811D45A9F}"
EndProject
Global
	GlobalSection(SolutionConfigurationPlatforms) = preSolution
		Debug|Any CPU = Debug|Any CPU
		Release|Any CPU = Release|Any CPU
	EndGlobalSection
	GlobalSection(ProjectConfigurationPlatforms) = postSolution
		{A1DB382F-85E9-4152-AE65-8A1811D45A9F}.Debug|Any CPU.ActiveCfg = Debug|Any CPU
		{A1DB382F-85E9-4152-AE65-8A1811D45A9F}.Debug|Any CPU.Build.0 = Debug|Any CPU
		{A1DB382F-85E9-4152-AE65-8A1811D45A9F}.Release|Any CPU.ActiveCfg = Release|Any CPU
		{A1DB382F-85E9-4152-AE65-8A1811D45A9F}.Release|Any CPU.Build.0 = Release|Any CPU
	EndGlobalSection
	GlobalSection(SolutionProperties) = preSolution
		HideSolutionNode = FALSE
	EndGlobalSection
	GlobalSection(ExtensibilityGlobals) = postSolution
		SolutionGuid = {7BB17F69-E630-45D5-BBA8-E2A4C3BFBAB2}
	EndGlobalSection
EndGlobal
